<?xml version="1.0" encoding="utf-8"?>
<Project ToolsVersion="4.0" xmlns="http://schemas.microsoft.com/developer/msbuild/2003">
  <ItemGroup>
    <Filter Include="소스 파일">
      <UniqueIdentifier>{4FC737F1-C7A5-4376-A066-2A32D752A2FF}</UniqueIdentifier>
      <Extensions>cpp;c;cc;cxx;c++;cppm;ixx;def;odl;idl;hpj;bat;asm;asmx</Extensions>
    </Filter>
    <Filter Include="헤더 파일">
      <UniqueIdentifier>{93995380-89BD-4b04-88EB-625FBE52EBFB}</UniqueIdentifier>
      <Extensions>h;hh;hpp;hxx;h++;hm;inl;inc;ipp;xsd</Extensions>
    </Filter>
    <Filter Include="리소스 파일">
      <UniqueIdentifier>{67DA6AB6-F800-4c08-8B7A-83BB121AAD01}</UniqueIdentifier>
      <Extensions>rc;ico;cur;bmp;dlg;rc2;rct;bin;rgs;gif;jpg;jpeg;jpe;resx;tiff;tif;png;wav;mfcribbon-ms</Extensions>
    </Filter>
    <Filter Include="소스 파일\01 Obj">
      <UniqueIdentifier>{05f8041c-f9ce-41a2-954a-749c593a9725}</UniqueIdentifier>
    </Filter>
    <Filter Include="소스 파일\02 Scene">
      <UniqueIdentifier>{a8747ef3-f74d-4010-a917-2b0909e684ae}</UniqueIdentifier>
    </Filter>
    <Filter Include="소스 파일\03 Manager">
      <UniqueIdentifier>{6ceb0e91-3a9c-481b-ab0b-60ef1c4e6e1a}</UniqueIdentifier>
    </Filter>
    <Filter Include="소스 파일\03 Manager\00 GameManager">
      <UniqueIdentifier>{a9623811-819c-483f-8d69-694d9913e810}</UniqueIdentifier>
    </Filter>
    <Filter Include="소스 파일\03 Manager\01 KeyManager">
      <UniqueIdentifier>{98e384fa-23d7-4d1f-8ce7-02d141798bc2}</UniqueIdentifier>
    </Filter>
    <Filter Include="소스 파일\03 Manager\03 RenderManager">
      <UniqueIdentifier>{863815bc-32a5-45c4-b454-ffd8f670a56c}</UniqueIdentifier>
    </Filter>
    <Filter Include="GLSLFile">
      <UniqueIdentifier>{ba6ca100-ed70-425a-90d2-c72a8b5cc33a}</UniqueIdentifier>
    </Filter>
    <Filter Include="소스 파일\03 Manager\04 Shader">
      <UniqueIdentifier>{3b9c1edb-f43f-4945-a1c6-53cc6733854b}</UniqueIdentifier>
    </Filter>
    <Filter Include="소스 파일\04 Element">
      <UniqueIdentifier>{21fc4893-5b18-4b13-a5ff-738a2435b219}</UniqueIdentifier>
    </Filter>
    <Filter Include="소스 파일\04 Element\01 Texture">
      <UniqueIdentifier>{8bcea2a9-ad44-40f8-8a54-04139f7eff2d}</UniqueIdentifier>
    </Filter>
    <Filter Include="소스 파일\04 Element\00 Mesh">
      <UniqueIdentifier>{187667c1-bf31-4578-a762-c780396151e5}</UniqueIdentifier>
    </Filter>
    <Filter Include="소스 파일\04 Element\00 Mesh\CCube">
      <UniqueIdentifier>{b3ad3ab6-92c8-4c86-aa61-794038e5a443}</UniqueIdentifier>
    </Filter>
    <Filter Include="소스 파일\04 Element\00 Mesh\CSphere">
      <UniqueIdentifier>{280e848a-7649-4c2f-87b1-fdad023f273c}</UniqueIdentifier>
    </Filter>
    <Filter Include="소스 파일\01 Obj\00 Player">
      <UniqueIdentifier>{9b6331d4-382d-4179-8ed3-ba7f20843577}</UniqueIdentifier>
    </Filter>
    <Filter Include="소스 파일\01 Obj\01 Monster">
      <UniqueIdentifier>{78daa87d-5564-4b2d-8f7c-ef9d4d19a627}</UniqueIdentifier>
    </Filter>
    <Filter Include="소스 파일\01 Obj\02 Object">
      <UniqueIdentifier>{d485d875-eee7-4966-b20c-e235bdd4356e}</UniqueIdentifier>
    </Filter>
    <Filter Include="소스 파일\03 Manager\05 FrameManager">
      <UniqueIdentifier>{340a36ec-065e-4009-bc07-f6aee8c8530e}</UniqueIdentifier>
    </Filter>
    <Filter Include="소스 파일\00 MainGame">
      <UniqueIdentifier>{b0c786fd-fff0-4c26-bc19-4cb95e74b937}</UniqueIdentifier>
    </Filter>
    <Filter Include="소스 파일\01 Obj\99 Camera">
      <UniqueIdentifier>{1debddf3-3a2f-4fdc-8e9f-22274e6e5649}</UniqueIdentifier>
    </Filter>
    <Filter Include="소스 파일\03 Manager\02 SceneManager">
      <UniqueIdentifier>{0219118f-eb52-400a-b8de-15e50d89cac8}</UniqueIdentifier>
    </Filter>
    <Filter Include="소스 파일\01 Obj\01 Monster\00 FireMonster">
      <UniqueIdentifier>{d425ad49-768e-46d1-bf99-292c8151e64d}</UniqueIdentifier>
    </Filter>
    <Filter Include="소스 파일\01 Obj\01 Monster\01 Boss">
      <UniqueIdentifier>{cb73a01d-5e88-425a-a2f7-386094dbf98e}</UniqueIdentifier>
    </Filter>
    <Filter Include="소스 파일\04 Element\02 Plane">
      <UniqueIdentifier>{f4a1b862-5ddb-4b0c-831b-db1599c0a3c7}</UniqueIdentifier>
    </Filter>
    <Filter Include="소스 파일\01 Obj\03 Portal">
      <UniqueIdentifier>{d7c01456-4b58-42c2-9a50-1c5cad3d380b}</UniqueIdentifier>
    </Filter>
    <Filter Include="소스 파일\01 Obj\04 Bullet">
      <UniqueIdentifier>{1827c926-7ace-48c0-82f9-dafc460cbf92}</UniqueIdentifier>
    </Filter>
    <Filter Include="소스 파일\01 Obj\05 BackImage">
      <UniqueIdentifier>{49b8baff-530b-4665-862e-5ddfd008e725}</UniqueIdentifier>
    </Filter>
    <Filter Include="소스 파일\02 Scene\02 Stage1">
      <UniqueIdentifier>{55417be8-9d60-4e62-b04f-b68586091ce9}</UniqueIdentifier>
    </Filter>
    <Filter Include="소스 파일\01 Obj\06 Sprite">
      <UniqueIdentifier>{1c8fa994-7d86-43ba-a09e-15bca24abdff}</UniqueIdentifier>
    </Filter>
    <Filter Include="소스 파일\02 Scene\00 Logo">
      <UniqueIdentifier>{6fce3d52-ba04-4438-add1-2de1c0d61af3}</UniqueIdentifier>
    </Filter>
    <Filter Include="소스 파일\02 Scene\03 Stage2">
      <UniqueIdentifier>{29a37f74-d925-4795-9ab8-6fdfbc2edf1f}</UniqueIdentifier>
    </Filter>
    <Filter Include="소스 파일\02 Scene\99 Loading">
      <UniqueIdentifier>{540f6b7d-a85f-4572-aeaf-655f9984144a}</UniqueIdentifier>
    </Filter>
    <Filter Include="소스 파일\02 Scene\04 Stage3">
      <UniqueIdentifier>{e50d849a-8a18-43e3-87bc-63229834a8f7}</UniqueIdentifier>
    </Filter>
    <Filter Include="소스 파일\02 Scene\05 Stage4">
      <UniqueIdentifier>{de146586-5c3e-46bb-8553-4ddb8ea79e21}</UniqueIdentifier>
    </Filter>
  </ItemGroup>
  <ItemGroup>
    <ClCompile Include="CObj.cpp">
      <Filter>소스 파일\01 Obj</Filter>
    </ClCompile>
    <ClCompile Include="CScene.cpp">
      <Filter>소스 파일\02 Scene</Filter>
    </ClCompile>
    <ClCompile Include="CGameManager.cpp">
      <Filter>소스 파일\03 Manager\00 GameManager</Filter>
    </ClCompile>
    <ClCompile Include="CMesh.cpp">
      <Filter>소스 파일\04 Element\00 Mesh</Filter>
    </ClCompile>
    <ClCompile Include="CCube.cpp">
      <Filter>소스 파일\04 Element\00 Mesh\CCube</Filter>
    </ClCompile>
    <ClCompile Include="CSphere.cpp">
      <Filter>소스 파일\04 Element\00 Mesh\CSphere</Filter>
    </ClCompile>
    <ClCompile Include="COV.cpp">
      <Filter>소스 파일</Filter>
    </ClCompile>
    <ClCompile Include="CKeyManager.cpp">
      <Filter>소스 파일\03 Manager\01 KeyManager</Filter>
    </ClCompile>
    <ClCompile Include="CSceneManager.cpp">
      <Filter>소스 파일\03 Manager\02 SceneManager</Filter>
    </ClCompile>
    <ClCompile Include="CRenderManager.cpp">
      <Filter>소스 파일\03 Manager\03 RenderManager</Filter>
    </ClCompile>
    <ClCompile Include="CShader.cpp">
      <Filter>소스 파일\03 Manager\04 Shader</Filter>
    </ClCompile>
    <ClCompile Include="CTexture.cpp">
      <Filter>소스 파일\04 Element\01 Texture</Filter>
    </ClCompile>
    <ClCompile Include="CFrameManager.cpp">
      <Filter>소스 파일\03 Manager\05 FrameManager</Filter>
    </ClCompile>
    <ClCompile Include="CMainGame.cpp">
      <Filter>소스 파일\00 MainGame</Filter>
    </ClCompile>
    <ClCompile Include="CStage1.cpp">
      <Filter>소스 파일\02 Scene\02 Stage1</Filter>
    </ClCompile>
    <ClCompile Include="CCamera.cpp">
      <Filter>소스 파일\01 Obj\99 Camera</Filter>
    </ClCompile>
    <ClCompile Include="Player3.cpp">
      <Filter>소스 파일\01 Obj\00 Player</Filter>
    </ClCompile>
    <ClCompile Include="CObject.cpp">
      <Filter>소스 파일\01 Obj\02 Object</Filter>
    </ClCompile>
    <ClCompile Include="Player2.cpp">
      <Filter>소스 파일\01 Obj\00 Player</Filter>
    </ClCompile>
    <ClCompile Include="Monster.cpp">
      <Filter>소스 파일\01 Obj\01 Monster\00 FireMonster</Filter>
    </ClCompile>
    <ClCompile Include="CPlane.cpp">
      <Filter>소스 파일\04 Element\02 Plane</Filter>
    </ClCompile>
    <ClCompile Include="CPortal.cpp">
      <Filter>소스 파일\01 Obj\03 Portal</Filter>
    </ClCompile>
    <ClCompile Include="CBossMonster.cpp">
      <Filter>소스 파일\01 Obj\01 Monster\01 Boss</Filter>
    </ClCompile>
    <ClCompile Include="CBullet.cpp">
      <Filter>소스 파일\01 Obj\04 Bullet</Filter>
    </ClCompile>
    <ClCompile Include="CBackImage.cpp">
      <Filter>소스 파일\01 Obj\05 BackImage</Filter>
    </ClCompile>
    <ClCompile Include="CStage2.cpp">
      <Filter>소스 파일\02 Scene\03 Stage2</Filter>
    </ClCompile>
    <ClCompile Include="CSprite.cpp">
      <Filter>소스 파일\01 Obj\06 Sprite</Filter>
    </ClCompile>
    <ClCompile Include="CLogo.cpp">
      <Filter>소스 파일\02 Scene\00 Logo</Filter>
    </ClCompile>
    <ClCompile Include="CLoad.cpp">
      <Filter>소스 파일\02 Scene\99 Loading</Filter>
    </ClCompile>
    <ClCompile Include="CStage3.cpp">
      <Filter>소스 파일\02 Scene\04 Stage3</Filter>
    </ClCompile>
    <ClCompile Include="CStage4.cpp">
      <Filter>소스 파일\02 Scene\05 Stage4</Filter>
    </ClCompile>
  </ItemGroup>
  <ItemGroup>
    <ClInclude Include="stdafx.h">
      <Filter>소스 파일</Filter>
    </ClInclude>
    <ClInclude Include="CObj.h">
      <Filter>소스 파일\01 Obj</Filter>
    </ClInclude>
    <ClInclude Include="CScene.h">
      <Filter>소스 파일\02 Scene</Filter>
    </ClInclude>
    <ClInclude Include="CGameManager.h">
      <Filter>소스 파일\03 Manager\00 GameManager</Filter>
    </ClInclude>
    <ClInclude Include="CMesh.h">
      <Filter>소스 파일\04 Element\00 Mesh</Filter>
    </ClInclude>
    <ClInclude Include="CCube.h">
      <Filter>소스 파일\04 Element\00 Mesh\CCube</Filter>
    </ClInclude>
    <ClInclude Include="CSphere.h">
      <Filter>소스 파일\04 Element\00 Mesh\CSphere</Filter>
    </ClInclude>
    <ClInclude Include="CKeyManager.h">
      <Filter>소스 파일\03 Manager\01 KeyManager</Filter>
    </ClInclude>
    <ClInclude Include="CSceneManager.h">
      <Filter>소스 파일\03 Manager\02 SceneManager</Filter>
    </ClInclude>
    <ClInclude Include="Enum.h">
      <Filter>헤더 파일</Filter>
    </ClInclude>
    <ClInclude Include="CRenderManager.h">
      <Filter>소스 파일\03 Manager\03 RenderManager</Filter>
    </ClInclude>
    <ClInclude Include="Manager.h">
      <Filter>헤더 파일</Filter>
    </ClInclude>
    <ClInclude Include="CShader.h">
      <Filter>소스 파일\03 Manager\04 Shader</Filter>
    </ClInclude>
    <ClInclude Include="Struct.h">
      <Filter>헤더 파일</Filter>
    </ClInclude>
    <ClInclude Include="CTexture.h">
      <Filter>소스 파일\04 Element\01 Texture</Filter>
    </ClInclude>
    <ClInclude Include="stb_image.h">
      <Filter>헤더 파일</Filter>
    </ClInclude>
    <ClInclude Include="CFrameManager.h">
      <Filter>소스 파일\03 Manager\05 FrameManager</Filter>
    </ClInclude>
    <ClInclude Include="CMainGame.h">
      <Filter>소스 파일\00 MainGame</Filter>
    </ClInclude>
    <ClInclude Include="CStage1.h">
      <Filter>소스 파일\02 Scene\02 Stage1</Filter>
    </ClInclude>
    <ClInclude Include="CCamera.h">
      <Filter>소스 파일\01 Obj\99 Camera</Filter>
    </ClInclude>
    <ClInclude Include="Player3.h">
      <Filter>소스 파일\01 Obj\00 Player</Filter>
    </ClInclude>
    <ClInclude Include="CObject.h">
      <Filter>소스 파일\01 Obj\02 Object</Filter>
    </ClInclude>
    <ClInclude Include="Player2.h">
      <Filter>소스 파일\01 Obj\00 Player</Filter>
    </ClInclude>
    <ClInclude Include="Monster.h">
      <Filter>소스 파일\01 Obj\01 Monster\00 FireMonster</Filter>
    </ClInclude>
    <ClInclude Include="CPlane.h">
      <Filter>소스 파일\04 Element\02 Plane</Filter>
    </ClInclude>
    <ClInclude Include="CPortal.h">
      <Filter>소스 파일\01 Obj\03 Portal</Filter>
    </ClInclude>
    <ClInclude Include="CBossMonster.h">
      <Filter>소스 파일\01 Obj\01 Monster\01 Boss</Filter>
    </ClInclude>
    <ClInclude Include="CBullet.h">
      <Filter>소스 파일\01 Obj\04 Bullet</Filter>
    </ClInclude>
    <ClInclude Include="CBackImage.h">
      <Filter>소스 파일\01 Obj\05 BackImage</Filter>
    </ClInclude>
    <ClInclude Include="CStage2.h">
      <Filter>소스 파일\02 Scene\03 Stage2</Filter>
    </ClInclude>
    <ClInclude Include="CSprite.h">
      <Filter>소스 파일\01 Obj\06 Sprite</Filter>
    </ClInclude>
    <ClInclude Include="CLogo.h">
      <Filter>소스 파일\02 Scene\00 Logo</Filter>
    </ClInclude>
    <ClInclude Include="CLoad.h">
      <Filter>소스 파일\02 Scene\99 Loading</Filter>
    </ClInclude>
    <ClInclude Include="CStage3.h">
      <Filter>소스 파일\02 Scene\04 Stage3</Filter>
    </ClInclude>
    <ClInclude Include="CStage4.h">
      <Filter>소스 파일\02 Scene\05 Stage4</Filter>
    </ClInclude>
  </ItemGroup>
  <ItemGroup>
    <None Include="vertex.glsl">
      <Filter>GLSLFile</Filter>
    </None>
    <None Include="fragment.glsl">
      <Filter>GLSLFile</Filter>
    </None>
    <None Include="Fragement_UI.glsl">
      <Filter>GLSLFile</Filter>
    </None>
    <None Include="Vertex_UI.glsl">
      <Filter>GLSLFile</Filter>
    </None>
    <None Include="Fragment_BackImage.glsl">
      <Filter>GLSLFile</Filter>
    </None>
    <None Include="Vertex_BackImage.glsl">
      <Filter>GLSLFile</Filter>
    </None>
  </ItemGroup>
</Project>